// !$*UTF8*$!
{
	archiveVersion = 1;
	classes = {
	};
	objectVersion = 46;
	objects = {

/* Begin PBXBuildFile section */
		86EE70A01F63B25C00C3B569 /* AppDelegate.swift in Sources */ = {isa = PBXBuildFile; fileRef = 86EE709F1F63B25C00C3B569 /* AppDelegate.swift */; };
		86EE70A21F63B25C00C3B569 /* ViewController.swift in Sources */ = {isa = PBXBuildFile; fileRef = 86EE70A11F63B25C00C3B569 /* ViewController.swift */; };
		86EE70A71F63B25C00C3B569 /* Assets.xcassets in Resources */ = {isa = PBXBuildFile; fileRef = 86EE70A61F63B25C00C3B569 /* Assets.xcassets */; };
		86EE70AA1F63B25C00C3B569 /* LaunchScreen.storyboard in Resources */ = {isa = PBXBuildFile; fileRef = 86EE70A81F63B25C00C3B569 /* LaunchScreen.storyboard */; };
		86EE70B91F63B34800C3B569 /* Main.storyboard in Resources */ = {isa = PBXBuildFile; fileRef = 86EE70B81F63B34800C3B569 /* Main.storyboard */; };
		86EE70BB1F63B3D400C3B569 /* LengthCell.swift in Sources */ = {isa = PBXBuildFile; fileRef = 86EE70BA1F63B3D400C3B569 /* LengthCell.swift */; };
		86EE70BD1F63B3E300C3B569 /* CurrencyCell.swift in Sources */ = {isa = PBXBuildFile; fileRef = 86EE70BC1F63B3E300C3B569 /* CurrencyCell.swift */; };
		86EE70BF1F63B3EE00C3B569 /* VehicleCell.swift in Sources */ = {isa = PBXBuildFile; fileRef = 86EE70BE1F63B3EE00C3B569 /* VehicleCell.swift */; };
		86EE70C11F63B3FA00C3B569 /* EntityCell.swift in Sources */ = {isa = PBXBuildFile; fileRef = 86EE70C01F63B3FA00C3B569 /* EntityCell.swift */; };
		86EE70C31F63B41100C3B569 /* Endpoint.swift in Sources */ = {isa = PBXBuildFile; fileRef = 86EE70C21F63B41100C3B569 /* Endpoint.swift */; };
		86EE70C51F63B42000C3B569 /* Character.swift in Sources */ = {isa = PBXBuildFile; fileRef = 86EE70C41F63B42000C3B569 /* Character.swift */; };
		86EE70C71F63B42A00C3B569 /* Vehicle.swift in Sources */ = {isa = PBXBuildFile; fileRef = 86EE70C61F63B42A00C3B569 /* Vehicle.swift */; };
		86EE70C91F63B43200C3B569 /* Entity.swift in Sources */ = {isa = PBXBuildFile; fileRef = 86EE70C81F63B43200C3B569 /* Entity.swift */; };
		86EE70CB1F63B43A00C3B569 /* EntityType.swift in Sources */ = {isa = PBXBuildFile; fileRef = 86EE70CA1F63B43A00C3B569 /* EntityType.swift */; };
		86EE70CD1F63B44C00C3B569 /* SWAPIClient.swift in Sources */ = {isa = PBXBuildFile; fileRef = 86EE70CC1F63B44C00C3B569 /* SWAPIClient.swift */; };
		86EE70CF1F63B45C00C3B569 /* JSONDownloader.swift in Sources */ = {isa = PBXBuildFile; fileRef = 86EE70CE1F63B45C00C3B569 /* JSONDownloader.swift */; };
		86EE70D11F63B46A00C3B569 /* SWAPIError.swift in Sources */ = {isa = PBXBuildFile; fileRef = 86EE70D01F63B46A00C3B569 /* SWAPIError.swift */; };
		86EE70D31F63B47D00C3B569 /* CharacterTableViewDataSource.swift in Sources */ = {isa = PBXBuildFile; fileRef = 86EE70D21F63B47D00C3B569 /* CharacterTableViewDataSource.swift */; };
		86EE70D51F63B48C00C3B569 /* VehicleTableViewDataSource.swift in Sources */ = {isa = PBXBuildFile; fileRef = 86EE70D41F63B48C00C3B569 /* VehicleTableViewDataSource.swift */; };
		86EE70D71F63B49C00C3B569 /* EntityPickerDataSource.swift in Sources */ = {isa = PBXBuildFile; fileRef = 86EE70D61F63B49C00C3B569 /* EntityPickerDataSource.swift */; };
		86EE70D91F63B4B100C3B569 /* EntityTableViewDataSource.swift in Sources */ = {isa = PBXBuildFile; fileRef = 86EE70D81F63B4B100C3B569 /* EntityTableViewDataSource.swift */; };
		86EE70DD1F63B4DA00C3B569 /* EntityPickerDelegate.swift in Sources */ = {isa = PBXBuildFile; fileRef = 86EE70DC1F63B4DA00C3B569 /* EntityPickerDelegate.swift */; };
		86EE70DF1F63B51200C3B569 /* CharacterTableViewDelegate.swift in Sources */ = {isa = PBXBuildFile; fileRef = 86EE70DE1F63B51200C3B569 /* CharacterTableViewDelegate.swift */; };
		86EE70E31F63B52900C3B569 /* EntityController.swift in Sources */ = {isa = PBXBuildFile; fileRef = 86EE70E01F63B52900C3B569 /* EntityController.swift */; };
		86EE70E41F63B52900C3B569 /* AssociatedVehiclesController.swift in Sources */ = {isa = PBXBuildFile; fileRef = 86EE70E11F63B52900C3B569 /* AssociatedVehiclesController.swift */; };
		86EE70E51F63B52900C3B569 /* SettingsController.swift in Sources */ = {isa = PBXBuildFile; fileRef = 86EE70E21F63B52900C3B569 /* SettingsController.swift */; };
		86EE70E71F63B59400C3B569 /* AssociatedVehicleDataSource.swift in Sources */ = {isa = PBXBuildFile; fileRef = 86EE70E61F63B59400C3B569 /* AssociatedVehicleDataSource.swift */; };
/* End PBXBuildFile section */

/* Begin PBXFileReference section */
		86EE709C1F63B25C00C3B569 /* API Awaken.app */ = {isa = PBXFileReference; explicitFileType = wrapper.application; includeInIndex = 0; path = "API Awaken.app"; sourceTree = BUILT_PRODUCTS_DIR; };
		86EE709F1F63B25C00C3B569 /* AppDelegate.swift */ = {isa = PBXFileReference; lastKnownFileType = sourcecode.swift; path = AppDelegate.swift; sourceTree = "<group>"; };
		86EE70A11F63B25C00C3B569 /* ViewController.swift */ = {isa = PBXFileReference; lastKnownFileType = sourcecode.swift; path = ViewController.swift; sourceTree = "<group>"; };
		86EE70A61F63B25C00C3B569 /* Assets.xcassets */ = {isa = PBXFileReference; lastKnownFileType = folder.assetcatalog; path = Assets.xcassets; sourceTree = "<group>"; };
		86EE70A91F63B25C00C3B569 /* Base */ = {isa = PBXFileReference; lastKnownFileType = file.storyboard; name = Base; path = Base.lproj/LaunchScreen.storyboard; sourceTree = "<group>"; };
		86EE70AB1F63B25C00C3B569 /* Info.plist */ = {isa = PBXFileReference; lastKnownFileType = text.plist.xml; path = Info.plist; sourceTree = "<group>"; };
		86EE70B81F63B34800C3B569 /* Main.storyboard */ = {isa = PBXFileReference; fileEncoding = 4; lastKnownFileType = file.storyboard; path = Main.storyboard; sourceTree = "<group>"; };
		86EE70BA1F63B3D400C3B569 /* LengthCell.swift */ = {isa = PBXFileReference; fileEncoding = 4; lastKnownFileType = sourcecode.swift; path = LengthCell.swift; sourceTree = "<group>"; };
		86EE70BC1F63B3E300C3B569 /* CurrencyCell.swift */ = {isa = PBXFileReference; fileEncoding = 4; lastKnownFileType = sourcecode.swift; path = CurrencyCell.swift; sourceTree = "<group>"; };
		86EE70BE1F63B3EE00C3B569 /* VehicleCell.swift */ = {isa = PBXFileReference; fileEncoding = 4; lastKnownFileType = sourcecode.swift; path = VehicleCell.swift; sourceTree = "<group>"; };
		86EE70C01F63B3FA00C3B569 /* EntityCell.swift */ = {isa = PBXFileReference; fileEncoding = 4; lastKnownFileType = sourcecode.swift; path = EntityCell.swift; sourceTree = "<group>"; };
		86EE70C21F63B41100C3B569 /* Endpoint.swift */ = {isa = PBXFileReference; fileEncoding = 4; lastKnownFileType = sourcecode.swift; path = Endpoint.swift; sourceTree = "<group>"; };
		86EE70C41F63B42000C3B569 /* Character.swift */ = {isa = PBXFileReference; fileEncoding = 4; lastKnownFileType = sourcecode.swift; path = Character.swift; sourceTree = "<group>"; };
		86EE70C61F63B42A00C3B569 /* Vehicle.swift */ = {isa = PBXFileReference; fileEncoding = 4; lastKnownFileType = sourcecode.swift; path = Vehicle.swift; sourceTree = "<group>"; };
		86EE70C81F63B43200C3B569 /* Entity.swift */ = {isa = PBXFileReference; fileEncoding = 4; lastKnownFileType = sourcecode.swift; path = Entity.swift; sourceTree = "<group>"; };
		86EE70CA1F63B43A00C3B569 /* EntityType.swift */ = {isa = PBXFileReference; fileEncoding = 4; lastKnownFileType = sourcecode.swift; path = EntityType.swift; sourceTree = "<group>"; };
		86EE70CC1F63B44C00C3B569 /* SWAPIClient.swift */ = {isa = PBXFileReference; fileEncoding = 4; lastKnownFileType = sourcecode.swift; path = SWAPIClient.swift; sourceTree = "<group>"; };
		86EE70CE1F63B45C00C3B569 /* JSONDownloader.swift */ = {isa = PBXFileReference; fileEncoding = 4; lastKnownFileType = sourcecode.swift; path = JSONDownloader.swift; sourceTree = "<group>"; };
		86EE70D01F63B46A00C3B569 /* SWAPIError.swift */ = {isa = PBXFileReference; fileEncoding = 4; lastKnownFileType = sourcecode.swift; path = SWAPIError.swift; sourceTree = "<group>"; };
		86EE70D21F63B47D00C3B569 /* CharacterTableViewDataSource.swift */ = {isa = PBXFileReference; fileEncoding = 4; lastKnownFileType = sourcecode.swift; path = CharacterTableViewDataSource.swift; sourceTree = "<group>"; };
		86EE70D41F63B48C00C3B569 /* VehicleTableViewDataSource.swift */ = {isa = PBXFileReference; fileEncoding = 4; lastKnownFileType = sourcecode.swift; path = VehicleTableViewDataSource.swift; sourceTree = "<group>"; };
		86EE70D61F63B49C00C3B569 /* EntityPickerDataSource.swift */ = {isa = PBXFileReference; fileEncoding = 4; lastKnownFileType = sourcecode.swift; path = EntityPickerDataSource.swift; sourceTree = "<group>"; };
		86EE70D81F63B4B100C3B569 /* EntityTableViewDataSource.swift */ = {isa = PBXFileReference; fileEncoding = 4; lastKnownFileType = sourcecode.swift; path = EntityTableViewDataSource.swift; sourceTree = "<group>"; };
		86EE70DC1F63B4DA00C3B569 /* EntityPickerDelegate.swift */ = {isa = PBXFileReference; fileEncoding = 4; lastKnownFileType = sourcecode.swift; path = EntityPickerDelegate.swift; sourceTree = "<group>"; };
		86EE70DE1F63B51200C3B569 /* CharacterTableViewDelegate.swift */ = {isa = PBXFileReference; fileEncoding = 4; lastKnownFileType = sourcecode.swift; path = CharacterTableViewDelegate.swift; sourceTree = "<group>"; };
		86EE70E01F63B52900C3B569 /* EntityController.swift */ = {isa = PBXFileReference; fileEncoding = 4; lastKnownFileType = sourcecode.swift; path = EntityController.swift; sourceTree = "<group>"; };
		86EE70E11F63B52900C3B569 /* AssociatedVehiclesController.swift */ = {isa = PBXFileReference; fileEncoding = 4; lastKnownFileType = sourcecode.swift; path = AssociatedVehiclesController.swift; sourceTree = "<group>"; };
		86EE70E21F63B52900C3B569 /* SettingsController.swift */ = {isa = PBXFileReference; fileEncoding = 4; lastKnownFileType = sourcecode.swift; path = SettingsController.swift; sourceTree = "<group>"; };
		86EE70E61F63B59400C3B569 /* AssociatedVehicleDataSource.swift */ = {isa = PBXFileReference; fileEncoding = 4; lastKnownFileType = sourcecode.swift; path = AssociatedVehicleDataSource.swift; sourceTree = "<group>"; };
/* End PBXFileReference section */

/* Begin PBXFrameworksBuildPhase section */
		86EE70991F63B25C00C3B569 /* Frameworks */ = {
			isa = PBXFrameworksBuildPhase;
			buildActionMask = 2147483647;
			files = (
			);
			runOnlyForDeploymentPostprocessing = 0;
		};
/* End PBXFrameworksBuildPhase section */

/* Begin PBXGroup section */
		86EE70931F63B25C00C3B569 = {
			isa = PBXGroup;
			children = (
				86EE709E1F63B25C00C3B569 /* API Awaken */,
				86EE709D1F63B25C00C3B569 /* Products */,
			);
			sourceTree = "<group>";
		};
		86EE709D1F63B25C00C3B569 /* Products */ = {
			isa = PBXGroup;
			children = (
				86EE709C1F63B25C00C3B569 /* API Awaken.app */,
			);
			name = Products;
			sourceTree = "<group>";
		};
		86EE709E1F63B25C00C3B569 /* API Awaken */ = {
			isa = PBXGroup;
			children = (
				86EE70E81F63BE3E00C3B569 /* UI */,
				86EE70B61F63B2CB00C3B569 /* Delegates */,
				86EE70B51F63B2BC00C3B569 /* Data Source */,
				86EE70B41F63B2B700C3B569 /* Controllers */,
				86EE70B31F63B2AF00C3B569 /* Networking */,
				86EE70B21F63B2A800C3B569 /* Model */,
				86EE70B11F63B29F00C3B569 /* Views */,
				86EE70A61F63B25C00C3B569 /* Assets.xcassets */,
				86EE70A81F63B25C00C3B569 /* LaunchScreen.storyboard */,
				86EE70AB1F63B25C00C3B569 /* Info.plist */,
			);
			path = "API Awaken";
			sourceTree = "<group>";
		};
		86EE70B11F63B29F00C3B569 /* Views */ = {
			isa = PBXGroup;
			children = (
				86EE70C01F63B3FA00C3B569 /* EntityCell.swift */,
				86EE70BA1F63B3D400C3B569 /* LengthCell.swift */,
				86EE70BE1F63B3EE00C3B569 /* VehicleCell.swift */,
				86EE70BC1F63B3E300C3B569 /* CurrencyCell.swift */,
			);
			name = Views;
			sourceTree = "<group>";
		};
		86EE70B21F63B2A800C3B569 /* Model */ = {
			isa = PBXGroup;
			children = (
				86EE70B71F63B2D600C3B569 /* Endpoints */,
				86EE70C41F63B42000C3B569 /* Character.swift */,
				86EE70C61F63B42A00C3B569 /* Vehicle.swift */,
				86EE70C81F63B43200C3B569 /* Entity.swift */,
				86EE70CA1F63B43A00C3B569 /* EntityType.swift */,
			);
			name = Model;
			sourceTree = "<group>";
		};
		86EE70B31F63B2AF00C3B569 /* Networking */ = {
			isa = PBXGroup;
			children = (
				86EE70CC1F63B44C00C3B569 /* SWAPIClient.swift */,
				86EE70CE1F63B45C00C3B569 /* JSONDownloader.swift */,
				86EE70D01F63B46A00C3B569 /* SWAPIError.swift */,
			);
			name = Networking;
			sourceTree = "<group>";
		};
		86EE70B41F63B2B700C3B569 /* Controllers */ = {
			isa = PBXGroup;
			children = (
				86EE70A11F63B25C00C3B569 /* ViewController.swift */,
				86EE70E01F63B52900C3B569 /* EntityController.swift */,
				86EE70E11F63B52900C3B569 /* AssociatedVehiclesController.swift */,
				86EE70E21F63B52900C3B569 /* SettingsController.swift */,
			);
			name = Controllers;
			sourceTree = "<group>";
		};
		86EE70B51F63B2BC00C3B569 /* Data Source */ = {
			isa = PBXGroup;
			children = (
				86EE70D21F63B47D00C3B569 /* CharacterTableViewDataSource.swift */,
				86EE70D41F63B48C00C3B569 /* VehicleTableViewDataSource.swift */,
				86EE70D61F63B49C00C3B569 /* EntityPickerDataSource.swift */,
				86EE70D81F63B4B100C3B569 /* EntityTableViewDataSource.swift */,
				86EE70E61F63B59400C3B569 /* AssociatedVehicleDataSource.swift */,
			);
			name = "Data Source";
			sourceTree = "<group>";
		};
		86EE70B61F63B2CB00C3B569 /* Delegates */ = {
			isa = PBXGroup;
			children = (
				86EE709F1F63B25C00C3B569 /* AppDelegate.swift */,
				86EE70DC1F63B4DA00C3B569 /* EntityPickerDelegate.swift */,
				86EE70DE1F63B51200C3B569 /* CharacterTableViewDelegate.swift */,
			);
			name = Delegates;
			sourceTree = "<group>";
		};
		86EE70B71F63B2D600C3B569 /* Endpoints */ = {
			isa = PBXGroup;
			children = (
				86EE70C21F63B41100C3B569 /* Endpoint.swift */,
			);
			name = Endpoints;
			sourceTree = "<group>";
		};
		86EE70E81F63BE3E00C3B569 /* UI */ = {
			isa = PBXGroup;
			children = (
				86EE70B81F63B34800C3B569 /* Main.storyboard */,
			);
			name = UI;
			sourceTree = "<group>";
		};
/* End PBXGroup section */

/* Begin PBXNativeTarget section */
		86EE709B1F63B25C00C3B569 /* API Awaken */ = {
			isa = PBXNativeTarget;
			buildConfigurationList = 86EE70AE1F63B25C00C3B569 /* Build configuration list for PBXNativeTarget "API Awaken" */;
			buildPhases = (
				86EE70981F63B25C00C3B569 /* Sources */,
				86EE70991F63B25C00C3B569 /* Frameworks */,
				86EE709A1F63B25C00C3B569 /* Resources */,
			);
			buildRules = (
			);
			dependencies = (
			);
			name = "API Awaken";
			productName = "API Awaken";
			productReference = 86EE709C1F63B25C00C3B569 /* API Awaken.app */;
			productType = "com.apple.product-type.application";
		};
/* End PBXNativeTarget section */

/* Begin PBXProject section */
		86EE70941F63B25C00C3B569 /* Project object */ = {
			isa = PBXProject;
			attributes = {
				LastSwiftUpdateCheck = 0830;
				LastUpgradeCheck = 0830;
				ORGANIZATIONNAME = "Rohit Devnani";
				TargetAttributes = {
					86EE709B1F63B25C00C3B569 = {
						CreatedOnToolsVersion = 8.3.1;
						DevelopmentTeam = A8EWPTUQQ6;
						ProvisioningStyle = Automatic;
					};
				};
			};
			buildConfigurationList = 86EE70971F63B25C00C3B569 /* Build configuration list for PBXProject "API Awaken" */;
			compatibilityVersion = "Xcode 3.2";
			developmentRegion = English;
			hasScannedForEncodings = 0;
			knownRegions = (
				en,
				Base,
			);
			mainGroup = 86EE70931F63B25C00C3B569;
			productRefGroup = 86EE709D1F63B25C00C3B569 /* Products */;
			projectDirPath = "";
			projectRoot = "";
			targets = (
				86EE709B1F63B25C00C3B569 /* API Awaken */,
			);
		};
/* End PBXProject section */

/* Begin PBXResourcesBuildPhase section */
		86EE709A1F63B25C00C3B569 /* Resources */ = {
			isa = PBXResourcesBuildPhase;
			buildActionMask = 2147483647;
			files = (
				86EE70B91F63B34800C3B569 /* Main.storyboard in Resources */,
				86EE70AA1F63B25C00C3B569 /* LaunchScreen.storyboard in Resources */,
				86EE70A71F63B25C00C3B569 /* Assets.xcassets in Resources */,
			);
			runOnlyForDeploymentPostprocessing = 0;
		};
/* End PBXResourcesBuildPhase section */

/* Begin PBXSourcesBuildPhase section */
		86EE70981F63B25C00C3B569 /* Sources */ = {
			isa = PBXSourcesBuildPhase;
			buildActionMask = 2147483647;
			files = (
				86EE70E51F63B52900C3B569 /* SettingsController.swift in Sources */,
				86EE70C71F63B42A00C3B569 /* Vehicle.swift in Sources */,
				86EE70D71F63B49C00C3B569 /* EntityPickerDataSource.swift in Sources */,
				86EE70D11F63B46A00C3B569 /* SWAPIError.swift in Sources */,
				86EE70E41F63B52900C3B569 /* AssociatedVehiclesController.swift in Sources */,
				86EE70D51F63B48C00C3B569 /* VehicleTableViewDataSource.swift in Sources */,
				86EE70CB1F63B43A00C3B569 /* EntityType.swift in Sources */,
				86EE70D31F63B47D00C3B569 /* CharacterTableViewDataSource.swift in Sources */,
				86EE70C31F63B41100C3B569 /* Endpoint.swift in Sources */,
				86EE70BF1F63B3EE00C3B569 /* VehicleCell.swift in Sources */,
				86EE70BD1F63B3E300C3B569 /* CurrencyCell.swift in Sources */,
				86EE70E31F63B52900C3B569 /* EntityController.swift in Sources */,
				86EE70A21F63B25C00C3B569 /* ViewController.swift in Sources */,
				86EE70DD1F63B4DA00C3B569 /* EntityPickerDelegate.swift in Sources */,
				86EE70DF1F63B51200C3B569 /* CharacterTableViewDelegate.swift in Sources */,
				86EE70A01F63B25C00C3B569 /* AppDelegate.swift in Sources */,
				86EE70D91F63B4B100C3B569 /* EntityTableViewDataSource.swift in Sources */,
				86EE70CD1F63B44C00C3B569 /* SWAPIClient.swift in Sources */,
				86EE70C91F63B43200C3B569 /* Entity.swift in Sources */,
				86EE70C11F63B3FA00C3B569 /* EntityCell.swift in Sources */,
				86EE70BB1F63B3D400C3B569 /* LengthCell.swift in Sources */,
				86EE70E71F63B59400C3B569 /* AssociatedVehicleDataSource.swift in Sources */,
				86EE70C51F63B42000C3B569 /* Character.swift in Sources */,
				86EE70CF1F63B45C00C3B569 /* JSONDownloader.swift in Sources */,
			);
			runOnlyForDeploymentPostprocessing = 0;
		};
/* End PBXSourcesBuildPhase section */

/* Begin PBXVariantGroup section */
		86EE70A81F63B25C00C3B569 /* LaunchScreen.storyboard */ = {
			isa = PBXVariantGroup;
			children = (
				86EE70A91F63B25C00C3B569 /* Base */,
			);
			name = LaunchScreen.storyboard;
			sourceTree = "<group>";
		};
/* End PBXVariantGroup section */

/* Begin XCBuildConfiguration section */
		86EE70AC1F63B25C00C3B569 /* Debug */ = {
			isa = XCBuildConfiguration;
			buildSettings = {
				ALWAYS_SEARCH_USER_PATHS = NO;
				CLANG_ANALYZER_NONNULL = YES;
				CLANG_ANALYZER_NUMBER_OBJECT_CONVERSION = YES_AGGRESSIVE;
				CLANG_CXX_LANGUAGE_STANDARD = "gnu++0x";
				CLANG_CXX_LIBRARY = "libc++";
				CLANG_ENABLE_MODULES = YES;
				CLANG_ENABLE_OBJC_ARC = YES;
				CLANG_WARN_BOOL_CONVERSION = YES;
				CLANG_WARN_CONSTANT_CONVERSION = YES;
				CLANG_WARN_DIRECT_OBJC_ISA_USAGE = YES_ERROR;
				CLANG_WARN_DOCUMENTATION_COMMENTS = YES;
				CLANG_WARN_EMPTY_BODY = YES;
				CLANG_WARN_ENUM_CONVERSION = YES;
				CLANG_WARN_INFINITE_RECURSION = YES;
				CLANG_WARN_INT_CONVERSION = YES;
				CLANG_WARN_OBJC_ROOT_CLASS = YES_ERROR;
				CLANG_WARN_SUSPICIOUS_MOVE = YES;
				CLANG_WARN_UNREACHABLE_CODE = YES;
				CLANG_WARN__DUPLICATE_METHOD_MATCH = YES;
				"CODE_SIGN_IDENTITY[sdk=iphoneos*]" = "iPhone Developer";
				COPY_PHASE_STRIP = NO;
				DEBUG_INFORMATION_FORMAT = dwarf;
				ENABLE_STRICT_OBJC_MSGSEND = YES;
				ENABLE_TESTABILITY = YES;
				GCC_C_LANGUAGE_STANDARD = gnu99;
				GCC_DYNAMIC_NO_PIC = NO;
				GCC_NO_COMMON_BLOCKS = YES;
				GCC_OPTIMIZATION_LEVEL = 0;
				GCC_PREPROCESSOR_DEFINITIONS = (
					"DEBUG=1",
					"$(inherited)",
				);
				GCC_WARN_64_TO_32_BIT_CONVERSION = YES;
				GCC_WARN_ABOUT_RETURN_TYPE = YES_ERROR;
				GCC_WARN_UNDECLARED_SELECTOR = YES;
				GCC_WARN_UNINITIALIZED_AUTOS = YES_AGGRESSIVE;
				GCC_WARN_UNUSED_FUNCTION = YES;
				GCC_WARN_UNUSED_VARIABLE = YES;
				IPHONEOS_DEPLOYMENT_TARGET = 10.3;
				MTL_ENABLE_DEBUG_INFO = YES;
				ONLY_ACTIVE_ARCH = YES;
				SDKROOT = iphoneos;
				SWIFT_ACTIVE_COMPILATION_CONDITIONS = DEBUG;
				SWIFT_OPTIMIZATION_LEVEL = "-Onone";
			};
			name = Debug;
		};
		86EE70AD1F63B25C00C3B569 /* Release */ = {
			isa = XCBuildConfiguration;
			buildSettings = {
				ALWAYS_SEARCH_USER_PATHS = NO;
				CLANG_ANALYZER_NONNULL = YES;
				CLANG_ANALYZER_NUMBER_OBJECT_CONVERSION = YES_AGGRESSIVE;
				CLANG_CXX_LANGUAGE_STANDARD = "gnu++0x";
				CLANG_CXX_LIBRARY = "libc++";
				CLANG_ENABLE_MODULES = YES;
				CLANG_ENABLE_OBJC_ARC = YES;
				CLANG_WARN_BOOL_CONVERSION = YES;
				CLANG_WARN_CONSTANT_CONVERSION = YES;
				CLANG_WARN_DIRECT_OBJC_ISA_USAGE = YES_ERROR;
				CLANG_WARN_DOCUMENTATION_COMMENTS = YES;
				CLANG_WARN_EMPTY_BODY = YES;
				CLANG_WARN_ENUM_CONVERSION = YES;
				CLANG_WARN_INFINITE_RECURSION = YES;
				CLANG_WARN_INT_CONVERSION = YES;
				CLANG_WARN_OBJC_ROOT_CLASS = YES_ERROR;
				CLANG_WARN_SUSPICIOUS_MOVE = YES;
				CLANG_WARN_UNREACHABLE_CODE = YES;
				CLANG_WARN__DUPLICATE_METHOD_MATCH = YES;
				"CODE_SIGN_IDENTITY[sdk=iphoneos*]" = "iPhone Developer";
				COPY_PHASE_STRIP = NO;
				DEBUG_INFORMATION_FORMAT = "dwarf-with-dsym";
				ENABLE_NS_ASSERTIONS = NO;
				ENABLE_STRICT_OBJC_MSGSEND = YES;
				GCC_C_LANGUAGE_STANDARD = gnu99;
				GCC_NO_COMMON_BLOCKS = YES;
				GCC_WARN_64_TO_32_BIT_CONVERSION = YES;
				GCC_WARN_ABOUT_RETURN_TYPE = YES_ERROR;
				GCC_WARN_UNDECLARED_SELECTOR = YES;
				GCC_WARN_UNINITIALIZED_AUTOS = YES_AGGRESSIVE;
				GCC_WARN_UNUSED_FUNCTION = YES;
				GCC_WARN_UNUSED_VARIABLE = YES;
				IPHONEOS_DEPLOYMENT_TARGET = 10.3;
				MTL_ENABLE_DEBUG_INFO = NO;
				SDKROOT = iphoneos;
				SWIFT_OPTIMIZATION_LEVEL = "-Owholemodule";
				VALIDATE_PRODUCT = YES;
			};
			name = Release;
		};
		86EE70AF1F63B25C00C3B569 /* Debug */ = {
			isa = XCBuildConfiguration;
			buildSettings = {
				ASSETCATALOG_COMPILER_APPICON_NAME = AppIcon;
				DEVELOPMENT_TEAM = A8EWPTUQQ6;
				INFOPLIST_FILE = "API Awaken/Info.plist";
				LD_RUNPATH_SEARCH_PATHS = "$(inherited) @executable_path/Frameworks";
				PRODUCT_BUNDLE_IDENTIFIER = "com.rohit.API-Awaken";
				PRODUCT_NAME = "$(TARGET_NAME)";
				SWIFT_VERSION = 3.0;
			};
			name = Debug;
		};
		86EE70B01F63B25C00C3B569 /* Release */ = {
			isa = XCBuildConfiguration;
			buildSettings = {
				ASSETCATALOG_COMPILER_APPICON_NAME = AppIcon;
				DEVELOPMENT_TEAM = A8EWPTUQQ6;
				INFOPLIST_FILE = "API Awaken/Info.plist";
				LD_RUNPATH_SEARCH_PATHS = "$(inherited) @executable_path/Frameworks";
				PRODUCT_BUNDLE_IDENTIFIER = "com.rohit.API-Awaken";
				PRODUCT_NAME = "$(TARGET_NAME)";
				SWIFT_VERSION = 3.0;
			};
			name = Release;
		};
/* End XCBuildConfiguration section */

/* Begin XCConfigurationList section */
		86EE70971F63B25C00C3B569 /* Build configuration list for PBXProject "API Awaken" */ = {
			isa = XCConfigurationList;
			buildConfigurations = (
				86EE70AC1F63B25C00C3B569 /* Debug */,
				86EE70AD1F63B25C00C3B569 /* Release */,
			);
			defaultConfigurationIsVisible = 0;
			defaultConfigurationName = Release;
		};
		86EE70AE1F63B25C00C3B569 /* Build configuration list for PBXNativeTarget "API Awaken" */ = {
			isa = XCConfigurationList;
			buildConfigurations = (
				86EE70AF1F63B25C00C3B569 /* Debug */,
				86EE70B01F63B25C00C3B569 /* Release */,
			);
			defaultConfigurationIsVisible = 0;
		};
/* End XCConfigurationList section */
	};
	rootObject = 86EE70941F63B25C00C3B569 /* Project object */;
}
